// !$*UTF8*$!
{
	archiveVersion = 1;
	classes = {
	};
	objectVersion = 56;
	objects = {

/* Begin PBXBuildFile section */
		0533A9FB2CA5E618004E00A3 /* AppDelegate.swift in Sources */ = {isa = PBXBuildFile; fileRef = 0533A9FA2CA5E618004E00A3 /* AppDelegate.swift */; };
		0533A9FD2CA5E618004E00A3 /* SceneDelegate.swift in Sources */ = {isa = PBXBuildFile; fileRef = 0533A9FC2CA5E618004E00A3 /* SceneDelegate.swift */; };
		0533AA042CA5E61A004E00A3 /* Assets.xcassets in Resources */ = {isa = PBXBuildFile; fileRef = 0533AA032CA5E61A004E00A3 /* Assets.xcassets */; };
		0533AA072CA5E61A004E00A3 /* Base in Resources */ = {isa = PBXBuildFile; fileRef = 0533AA062CA5E61A004E00A3 /* Base */; };
		0533AA122CA5E61A004E00A3 /* MovieAppTests.swift in Sources */ = {isa = PBXBuildFile; fileRef = 0533AA112CA5E61A004E00A3 /* MovieAppTests.swift */; };
		0533AA1C2CA5E61A004E00A3 /* MovieAppUITests.swift in Sources */ = {isa = PBXBuildFile; fileRef = 0533AA1B2CA5E61A004E00A3 /* MovieAppUITests.swift */; };
		0533AA1E2CA5E61A004E00A3 /* MovieAppUITestsLaunchTests.swift in Sources */ = {isa = PBXBuildFile; fileRef = 0533AA1D2CA5E61A004E00A3 /* MovieAppUITestsLaunchTests.swift */; };
		0533AA302CA5E850004E00A3 /* NetworkManager.swift in Sources */ = {isa = PBXBuildFile; fileRef = 0533AA2F2CA5E850004E00A3 /* NetworkManager.swift */; };
		0533AA612CA62441004E00A3 /* TabBarViewController.swift in Sources */ = {isa = PBXBuildFile; fileRef = 0533AA602CA62441004E00A3 /* TabBarViewController.swift */; };
		0533AA682CA62501004E00A3 /* NowPlayingViewController.xib in Resources */ = {isa = PBXBuildFile; fileRef = 0533AA662CA62501004E00A3 /* NowPlayingViewController.xib */; };
		0533AA6B2CA6257E004E00A3 /* NowPlayingTableViewCell.swift in Sources */ = {isa = PBXBuildFile; fileRef = 0533AA692CA6257E004E00A3 /* NowPlayingTableViewCell.swift */; };
		0533AA6C2CA6257E004E00A3 /* NowPlayingTableViewCell.xib in Resources */ = {isa = PBXBuildFile; fileRef = 0533AA6A2CA6257E004E00A3 /* NowPlayingTableViewCell.xib */; };
		0533AA712CA626F8004E00A3 /* PopularViewController.swift in Sources */ = {isa = PBXBuildFile; fileRef = 0533AA6F2CA626F8004E00A3 /* PopularViewController.swift */; };
		0533AA722CA626F8004E00A3 /* PopularViewController.xib in Resources */ = {isa = PBXBuildFile; fileRef = 0533AA702CA626F8004E00A3 /* PopularViewController.xib */; };
		0533AA792CA627A9004E00A3 /* UpcomingViewController.swift in Sources */ = {isa = PBXBuildFile; fileRef = 0533AA772CA627A9004E00A3 /* UpcomingViewController.swift */; };
		0533AA7A2CA627A9004E00A3 /* UpcomingViewController.xib in Resources */ = {isa = PBXBuildFile; fileRef = 0533AA782CA627A9004E00A3 /* UpcomingViewController.xib */; };
		0533AA7C2CA62D38004E00A3 /* NowPlayingViewController.swift in Sources */ = {isa = PBXBuildFile; fileRef = 0533AA7B2CA62D38004E00A3 /* NowPlayingViewController.swift */; };
/* End PBXBuildFile section */

/* Begin PBXContainerItemProxy section */
		0533AA0E2CA5E61A004E00A3 /* PBXContainerItemProxy */ = {
			isa = PBXContainerItemProxy;
			containerPortal = 0533A9EF2CA5E618004E00A3 /* Project object */;
			proxyType = 1;
			remoteGlobalIDString = 0533A9F62CA5E618004E00A3;
			remoteInfo = MovieApp;
		};
		0533AA182CA5E61A004E00A3 /* PBXContainerItemProxy */ = {
			isa = PBXContainerItemProxy;
			containerPortal = 0533A9EF2CA5E618004E00A3 /* Project object */;
			proxyType = 1;
			remoteGlobalIDString = 0533A9F62CA5E618004E00A3;
			remoteInfo = MovieApp;
		};
/* End PBXContainerItemProxy section */

/* Begin PBXFileReference section */
		0533A9F72CA5E618004E00A3 /* MovieApp.app */ = {isa = PBXFileReference; explicitFileType = wrapper.application; includeInIndex = 0; path = MovieApp.app; sourceTree = BUILT_PRODUCTS_DIR; };
		0533A9FA2CA5E618004E00A3 /* AppDelegate.swift */ = {isa = PBXFileReference; lastKnownFileType = sourcecode.swift; path = AppDelegate.swift; sourceTree = "<group>"; };
		0533A9FC2CA5E618004E00A3 /* SceneDelegate.swift */ = {isa = PBXFileReference; lastKnownFileType = sourcecode.swift; path = SceneDelegate.swift; sourceTree = "<group>"; };
		0533AA032CA5E61A004E00A3 /* Assets.xcassets */ = {isa = PBXFileReference; lastKnownFileType = folder.assetcatalog; path = Assets.xcassets; sourceTree = "<group>"; };
		0533AA062CA5E61A004E00A3 /* Base */ = {isa = PBXFileReference; lastKnownFileType = file.storyboard; name = Base; path = Base.lproj/LaunchScreen.storyboard; sourceTree = "<group>"; };
		0533AA082CA5E61A004E00A3 /* Info.plist */ = {isa = PBXFileReference; lastKnownFileType = text.plist.xml; path = Info.plist; sourceTree = "<group>"; };
		0533AA0D2CA5E61A004E00A3 /* MovieAppTests.xctest */ = {isa = PBXFileReference; explicitFileType = wrapper.cfbundle; includeInIndex = 0; path = MovieAppTests.xctest; sourceTree = BUILT_PRODUCTS_DIR; };
		0533AA112CA5E61A004E00A3 /* MovieAppTests.swift */ = {isa = PBXFileReference; lastKnownFileType = sourcecode.swift; path = MovieAppTests.swift; sourceTree = "<group>"; };
		0533AA172CA5E61A004E00A3 /* MovieAppUITests.xctest */ = {isa = PBXFileReference; explicitFileType = wrapper.cfbundle; includeInIndex = 0; path = MovieAppUITests.xctest; sourceTree = BUILT_PRODUCTS_DIR; };
		0533AA1B2CA5E61A004E00A3 /* MovieAppUITests.swift */ = {isa = PBXFileReference; lastKnownFileType = sourcecode.swift; path = MovieAppUITests.swift; sourceTree = "<group>"; };
		0533AA1D2CA5E61A004E00A3 /* MovieAppUITestsLaunchTests.swift */ = {isa = PBXFileReference; lastKnownFileType = sourcecode.swift; path = MovieAppUITestsLaunchTests.swift; sourceTree = "<group>"; };
		0533AA2F2CA5E850004E00A3 /* NetworkManager.swift */ = {isa = PBXFileReference; lastKnownFileType = sourcecode.swift; path = NetworkManager.swift; sourceTree = "<group>"; };
		0533AA602CA62441004E00A3 /* TabBarViewController.swift */ = {isa = PBXFileReference; lastKnownFileType = sourcecode.swift; path = TabBarViewController.swift; sourceTree = "<group>"; };
		0533AA662CA62501004E00A3 /* NowPlayingViewController.xib */ = {isa = PBXFileReference; lastKnownFileType = file.xib; path = NowPlayingViewController.xib; sourceTree = "<group>"; };
		0533AA692CA6257E004E00A3 /* NowPlayingTableViewCell.swift */ = {isa = PBXFileReference; lastKnownFileType = sourcecode.swift; path = NowPlayingTableViewCell.swift; sourceTree = "<group>"; };
		0533AA6A2CA6257E004E00A3 /* NowPlayingTableViewCell.xib */ = {isa = PBXFileReference; lastKnownFileType = file.xib; path = NowPlayingTableViewCell.xib; sourceTree = "<group>"; };
		0533AA6F2CA626F8004E00A3 /* PopularViewController.swift */ = {isa = PBXFileReference; lastKnownFileType = sourcecode.swift; path = PopularViewController.swift; sourceTree = "<group>"; };
		0533AA702CA626F8004E00A3 /* PopularViewController.xib */ = {isa = PBXFileReference; lastKnownFileType = file.xib; path = PopularViewController.xib; sourceTree = "<group>"; };
		0533AA772CA627A9004E00A3 /* UpcomingViewController.swift */ = {isa = PBXFileReference; lastKnownFileType = sourcecode.swift; path = UpcomingViewController.swift; sourceTree = "<group>"; };
		0533AA782CA627A9004E00A3 /* UpcomingViewController.xib */ = {isa = PBXFileReference; lastKnownFileType = file.xib; path = UpcomingViewController.xib; sourceTree = "<group>"; };
		0533AA7B2CA62D38004E00A3 /* NowPlayingViewController.swift */ = {isa = PBXFileReference; lastKnownFileType = sourcecode.swift; path = NowPlayingViewController.swift; sourceTree = "<group>"; };
/* End PBXFileReference section */

/* Begin PBXFrameworksBuildPhase section */
		0533A9F42CA5E618004E00A3 /* Frameworks */ = {
			isa = PBXFrameworksBuildPhase;
			buildActionMask = 2147483647;
			files = (
			);
			runOnlyForDeploymentPostprocessing = 0;
		};
		0533AA0A2CA5E61A004E00A3 /* Frameworks */ = {
			isa = PBXFrameworksBuildPhase;
			buildActionMask = 2147483647;
			files = (
			);
			runOnlyForDeploymentPostprocessing = 0;
		};
		0533AA142CA5E61A004E00A3 /* Frameworks */ = {
			isa = PBXFrameworksBuildPhase;
			buildActionMask = 2147483647;
			files = (
			);
			runOnlyForDeploymentPostprocessing = 0;
		};
/* End PBXFrameworksBuildPhase section */

/* Begin PBXGroup section */
		0533A9EE2CA5E618004E00A3 = {
			isa = PBXGroup;
			children = (
				0533A9F92CA5E618004E00A3 /* MovieApp */,
				0533AA102CA5E61A004E00A3 /* MovieAppTests */,
				0533AA1A2CA5E61A004E00A3 /* MovieAppUITests */,
				0533A9F82CA5E618004E00A3 /* Products */,
			);
			sourceTree = "<group>";
		};
		0533A9F82CA5E618004E00A3 /* Products */ = {
			isa = PBXGroup;
			children = (
				0533A9F72CA5E618004E00A3 /* MovieApp.app */,
				0533AA0D2CA5E61A004E00A3 /* MovieAppTests.xctest */,
				0533AA172CA5E61A004E00A3 /* MovieAppUITests.xctest */,
			);
			name = Products;
			sourceTree = "<group>";
		};
		0533A9F92CA5E618004E00A3 /* MovieApp */ = {
			isa = PBXGroup;
			children = (
				0533AA2E2CA5E82A004E00A3 /* Network */,
				0533AA5E2CA62415004E00A3 /* Scenes */,
				0533AA2A2CA5E74C004E00A3 /* Core */,
				0533AA2C2CA5E762004E00A3 /* Utilities */,
			);
			path = MovieApp;
			sourceTree = "<group>";
		};
		0533AA102CA5E61A004E00A3 /* MovieAppTests */ = {
			isa = PBXGroup;
			children = (
				0533AA112CA5E61A004E00A3 /* MovieAppTests.swift */,
			);
			path = MovieAppTests;
			sourceTree = "<group>";
		};
		0533AA1A2CA5E61A004E00A3 /* MovieAppUITests */ = {
			isa = PBXGroup;
			children = (
				0533AA1B2CA5E61A004E00A3 /* MovieAppUITests.swift */,
				0533AA1D2CA5E61A004E00A3 /* MovieAppUITestsLaunchTests.swift */,
			);
			path = MovieAppUITests;
			sourceTree = "<group>";
		};
		0533AA2A2CA5E74C004E00A3 /* Core */ = {
			isa = PBXGroup;
			children = (
				0533A9FA2CA5E618004E00A3 /* AppDelegate.swift */,
				0533A9FC2CA5E618004E00A3 /* SceneDelegate.swift */,
			);
			path = Core;
			sourceTree = "<group>";
		};
		0533AA2C2CA5E762004E00A3 /* Utilities */ = {
			isa = PBXGroup;
			children = (
				0533AA032CA5E61A004E00A3 /* Assets.xcassets */,
				0533AA052CA5E61A004E00A3 /* LaunchScreen.storyboard */,
				0533AA082CA5E61A004E00A3 /* Info.plist */,
			);
			path = Utilities;
			sourceTree = "<group>";
		};
		0533AA2E2CA5E82A004E00A3 /* Network */ = {
			isa = PBXGroup;
			children = (
				0533AA2F2CA5E850004E00A3 /* NetworkManager.swift */,
			);
			path = Network;
			sourceTree = "<group>";
		};
		0533AA5E2CA62415004E00A3 /* Scenes */ = {
			isa = PBXGroup;
			children = (
				0533AA732CA62759004E00A3 /* UpcomingModule */,
				0533AA6D2CA626C9004E00A3 /* PopularModule */,
				0533AA622CA624B8004E00A3 /* NowPlayingModule */,
				0533AA5F2CA62422004E00A3 /* TabBar */,
			);
			path = Scenes;
			sourceTree = "<group>";
		};
		0533AA5F2CA62422004E00A3 /* TabBar */ = {
			isa = PBXGroup;
			children = (
				0533AA602CA62441004E00A3 /* TabBarViewController.swift */,
			);
			path = TabBar;
			sourceTree = "<group>";
		};
		0533AA622CA624B8004E00A3 /* NowPlayingModule */ = {
			isa = PBXGroup;
			children = (
				0533AA632CA624CE004E00A3 /* Presentation */,
			);
			path = NowPlayingModule;
			sourceTree = "<group>";
		};
		0533AA632CA624CE004E00A3 /* Presentation */ = {
			isa = PBXGroup;
			children = (
				0533AA642CA624D9004E00A3 /* View */,
			);
			path = Presentation;
			sourceTree = "<group>";
		};
		0533AA642CA624D9004E00A3 /* View */ = {
			isa = PBXGroup;
			children = (
				0533AA7B2CA62D38004E00A3 /* NowPlayingViewController.swift */,
				0533AA662CA62501004E00A3 /* NowPlayingViewController.xib */,
				0533AA692CA6257E004E00A3 /* NowPlayingTableViewCell.swift */,
				0533AA6A2CA6257E004E00A3 /* NowPlayingTableViewCell.xib */,
			);
			path = View;
			sourceTree = "<group>";
		};
		0533AA6D2CA626C9004E00A3 /* PopularModule */ = {
			isa = PBXGroup;
			children = (
				0533AA6E2CA626D6004E00A3 /* Presentation */,
			);
			path = PopularModule;
			sourceTree = "<group>";
		};
		0533AA6E2CA626D6004E00A3 /* Presentation */ = {
			isa = PBXGroup;
			children = (
				0533AA762CA6278C004E00A3 /* View */,
			);
			path = Presentation;
			sourceTree = "<group>";
		};
		0533AA732CA62759004E00A3 /* UpcomingModule */ = {
			isa = PBXGroup;
			children = (
				0533AA742CA6277B004E00A3 /* Presentation */,
			);
			path = UpcomingModule;
			sourceTree = "<group>";
		};
		0533AA742CA6277B004E00A3 /* Presentation */ = {
			isa = PBXGroup;
			children = (
				0533AA752CA62782004E00A3 /* View */,
			);
			path = Presentation;
			sourceTree = "<group>";
		};
		0533AA752CA62782004E00A3 /* View */ = {
			isa = PBXGroup;
			children = (
				0533AA772CA627A9004E00A3 /* UpcomingViewController.swift */,
				0533AA782CA627A9004E00A3 /* UpcomingViewController.xib */,
			);
			path = View;
			sourceTree = "<group>";
		};
		0533AA762CA6278C004E00A3 /* View */ = {
			isa = PBXGroup;
			children = (
				0533AA6F2CA626F8004E00A3 /* PopularViewController.swift */,
				0533AA702CA626F8004E00A3 /* PopularViewController.xib */,
			);
			path = View;
			sourceTree = "<group>";
		};
/* End PBXGroup section */

/* Begin PBXNativeTarget section */
		0533A9F62CA5E618004E00A3 /* MovieApp */ = {
			isa = PBXNativeTarget;
			buildConfigurationList = 0533AA212CA5E61A004E00A3 /* Build configuration list for PBXNativeTarget "MovieApp" */;
			buildPhases = (
				0533A9F32CA5E618004E00A3 /* Sources */,
				0533A9F42CA5E618004E00A3 /* Frameworks */,
				0533A9F52CA5E618004E00A3 /* Resources */,
			);
			buildRules = (
			);
			dependencies = (
			);
			name = MovieApp;
			productName = MovieApp;
			productReference = 0533A9F72CA5E618004E00A3 /* MovieApp.app */;
			productType = "com.apple.product-type.application";
		};
		0533AA0C2CA5E61A004E00A3 /* MovieAppTests */ = {
			isa = PBXNativeTarget;
			buildConfigurationList = 0533AA242CA5E61A004E00A3 /* Build configuration list for PBXNativeTarget "MovieAppTests" */;
			buildPhases = (
				0533AA092CA5E61A004E00A3 /* Sources */,
				0533AA0A2CA5E61A004E00A3 /* Frameworks */,
				0533AA0B2CA5E61A004E00A3 /* Resources */,
			);
			buildRules = (
			);
			dependencies = (
				0533AA0F2CA5E61A004E00A3 /* PBXTargetDependency */,
			);
			name = MovieAppTests;
			productName = MovieAppTests;
			productReference = 0533AA0D2CA5E61A004E00A3 /* MovieAppTests.xctest */;
			productType = "com.apple.product-type.bundle.unit-test";
		};
		0533AA162CA5E61A004E00A3 /* MovieAppUITests */ = {
			isa = PBXNativeTarget;
			buildConfigurationList = 0533AA272CA5E61A004E00A3 /* Build configuration list for PBXNativeTarget "MovieAppUITests" */;
			buildPhases = (
				0533AA132CA5E61A004E00A3 /* Sources */,
				0533AA142CA5E61A004E00A3 /* Frameworks */,
				0533AA152CA5E61A004E00A3 /* Resources */,
			);
			buildRules = (
			);
			dependencies = (
				0533AA192CA5E61A004E00A3 /* PBXTargetDependency */,
			);
			name = MovieAppUITests;
			productName = MovieAppUITests;
			productReference = 0533AA172CA5E61A004E00A3 /* MovieAppUITests.xctest */;
			productType = "com.apple.product-type.bundle.ui-testing";
		};
/* End PBXNativeTarget section */

/* Begin PBXProject section */
		0533A9EF2CA5E618004E00A3 /* Project object */ = {
			isa = PBXProject;
			attributes = {
				BuildIndependentTargetsInParallel = 1;
				LastSwiftUpdateCheck = 1540;
				LastUpgradeCheck = 1540;
				TargetAttributes = {
					0533A9F62CA5E618004E00A3 = {
						CreatedOnToolsVersion = 15.4;
					};
					0533AA0C2CA5E61A004E00A3 = {
						CreatedOnToolsVersion = 15.4;
						TestTargetID = 0533A9F62CA5E618004E00A3;
					};
					0533AA162CA5E61A004E00A3 = {
						CreatedOnToolsVersion = 15.4;
						TestTargetID = 0533A9F62CA5E618004E00A3;
					};
				};
			};
			buildConfigurationList = 0533A9F22CA5E618004E00A3 /* Build configuration list for PBXProject "MovieApp" */;
			compatibilityVersion = "Xcode 14.0";
			developmentRegion = en;
			hasScannedForEncodings = 0;
			knownRegions = (
				en,
				Base,
			);
			mainGroup = 0533A9EE2CA5E618004E00A3;
			productRefGroup = 0533A9F82CA5E618004E00A3 /* Products */;
			projectDirPath = "";
			projectRoot = "";
			targets = (
				0533A9F62CA5E618004E00A3 /* MovieApp */,
				0533AA0C2CA5E61A004E00A3 /* MovieAppTests */,
				0533AA162CA5E61A004E00A3 /* MovieAppUITests */,
			);
		};
/* End PBXProject section */

/* Begin PBXResourcesBuildPhase section */
		0533A9F52CA5E618004E00A3 /* Resources */ = {
			isa = PBXResourcesBuildPhase;
			buildActionMask = 2147483647;
			files = (
				0533AA7A2CA627A9004E00A3 /* UpcomingViewController.xib in Resources */,
				0533AA042CA5E61A004E00A3 /* Assets.xcassets in Resources */,
				0533AA072CA5E61A004E00A3 /* Base in Resources */,
				0533AA722CA626F8004E00A3 /* PopularViewController.xib in Resources */,
				0533AA682CA62501004E00A3 /* NowPlayingViewController.xib in Resources */,
				0533AA6C2CA6257E004E00A3 /* NowPlayingTableViewCell.xib in Resources */,
			);
			runOnlyForDeploymentPostprocessing = 0;
		};
		0533AA0B2CA5E61A004E00A3 /* Resources */ = {
			isa = PBXResourcesBuildPhase;
			buildActionMask = 2147483647;
			files = (
			);
			runOnlyForDeploymentPostprocessing = 0;
		};
		0533AA152CA5E61A004E00A3 /* Resources */ = {
			isa = PBXResourcesBuildPhase;
			buildActionMask = 2147483647;
			files = (
			);
			runOnlyForDeploymentPostprocessing = 0;
		};
/* End PBXResourcesBuildPhase section */

/* Begin PBXSourcesBuildPhase section */
		0533A9F32CA5E618004E00A3 /* Sources */ = {
			isa = PBXSourcesBuildPhase;
			buildActionMask = 2147483647;
			files = (
				0533AA7C2CA62D38004E00A3 /* NowPlayingViewController.swift in Sources */,
				0533AA792CA627A9004E00A3 /* UpcomingViewController.swift in Sources */,
				0533AA612CA62441004E00A3 /* TabBarViewController.swift in Sources */,
				0533AA6B2CA6257E004E00A3 /* NowPlayingTableViewCell.swift in Sources */,
				0533AA302CA5E850004E00A3 /* NetworkManager.swift in Sources */,
				0533AA712CA626F8004E00A3 /* PopularViewController.swift in Sources */,
				0533A9FB2CA5E618004E00A3 /* AppDelegate.swift in Sources */,
				0533A9FD2CA5E618004E00A3 /* SceneDelegate.swift in Sources */,
			);
			runOnlyForDeploymentPostprocessing = 0;
		};
		0533AA092CA5E61A004E00A3 /* Sources */ = {
			isa = PBXSourcesBuildPhase;
			buildActionMask = 2147483647;
			files = (
				0533AA122CA5E61A004E00A3 /* MovieAppTests.swift in Sources */,
			);
			runOnlyForDeploymentPostprocessing = 0;
		};
		0533AA132CA5E61A004E00A3 /* Sources */ = {
			isa = PBXSourcesBuildPhase;
			buildActionMask = 2147483647;
			files = (
				0533AA1E2CA5E61A004E00A3 /* MovieAppUITestsLaunchTests.swift in Sources */,
				0533AA1C2CA5E61A004E00A3 /* MovieAppUITests.swift in Sources */,
			);
			runOnlyForDeploymentPostprocessing = 0;
		};
/* End PBXSourcesBuildPhase section */

/* Begin PBXTargetDependency section */
		0533AA0F2CA5E61A004E00A3 /* PBXTargetDependency */ = {
			isa = PBXTargetDependency;
			target = 0533A9F62CA5E618004E00A3 /* MovieApp */;
			targetProxy = 0533AA0E2CA5E61A004E00A3 /* PBXContainerItemProxy */;
		};
		0533AA192CA5E61A004E00A3 /* PBXTargetDependency */ = {
			isa = PBXTargetDependency;
			target = 0533A9F62CA5E618004E00A3 /* MovieApp */;
			targetProxy = 0533AA182CA5E61A004E00A3 /* PBXContainerItemProxy */;
		};
/* End PBXTargetDependency section */

/* Begin PBXVariantGroup section */
		0533AA052CA5E61A004E00A3 /* LaunchScreen.storyboard */ = {
			isa = PBXVariantGroup;
			children = (
				0533AA062CA5E61A004E00A3 /* Base */,
			);
			name = LaunchScreen.storyboard;
			sourceTree = "<group>";
		};
/* End PBXVariantGroup section */

/* Begin XCBuildConfiguration section */
		0533AA1F2CA5E61A004E00A3 /* Debug */ = {
			isa = XCBuildConfiguration;
			buildSettings = {
				ALWAYS_SEARCH_USER_PATHS = NO;
				ASSETCATALOG_COMPILER_GENERATE_SWIFT_ASSET_SYMBOL_EXTENSIONS = YES;
				CLANG_ANALYZER_NONNULL = YES;
				CLANG_ANALYZER_NUMBER_OBJECT_CONVERSION = YES_AGGRESSIVE;
				CLANG_CXX_LANGUAGE_STANDARD = "gnu++20";
				CLANG_ENABLE_MODULES = YES;
				CLANG_ENABLE_OBJC_ARC = YES;
				CLANG_ENABLE_OBJC_WEAK = YES;
				CLANG_WARN_BLOCK_CAPTURE_AUTORELEASING = YES;
				CLANG_WARN_BOOL_CONVERSION = YES;
				CLANG_WARN_COMMA = YES;
				CLANG_WARN_CONSTANT_CONVERSION = YES;
				CLANG_WARN_DEPRECATED_OBJC_IMPLEMENTATIONS = YES;
				CLANG_WARN_DIRECT_OBJC_ISA_USAGE = YES_ERROR;
				CLANG_WARN_DOCUMENTATION_COMMENTS = YES;
				CLANG_WARN_EMPTY_BODY = YES;
				CLANG_WARN_ENUM_CONVERSION = YES;
				CLANG_WARN_INFINITE_RECURSION = YES;
				CLANG_WARN_INT_CONVERSION = YES;
				CLANG_WARN_NON_LITERAL_NULL_CONVERSION = YES;
				CLANG_WARN_OBJC_IMPLICIT_RETAIN_SELF = YES;
				CLANG_WARN_OBJC_LITERAL_CONVERSION = YES;
				CLANG_WARN_OBJC_ROOT_CLASS = YES_ERROR;
				CLANG_WARN_QUOTED_INCLUDE_IN_FRAMEWORK_HEADER = YES;
				CLANG_WARN_RANGE_LOOP_ANALYSIS = YES;
				CLANG_WARN_STRICT_PROTOTYPES = YES;
				CLANG_WARN_SUSPICIOUS_MOVE = YES;
				CLANG_WARN_UNGUARDED_AVAILABILITY = YES_AGGRESSIVE;
				CLANG_WARN_UNREACHABLE_CODE = YES;
				CLANG_WARN__DUPLICATE_METHOD_MATCH = YES;
				COPY_PHASE_STRIP = NO;
				DEBUG_INFORMATION_FORMAT = dwarf;
				ENABLE_STRICT_OBJC_MSGSEND = YES;
				ENABLE_TESTABILITY = YES;
				ENABLE_USER_SCRIPT_SANDBOXING = YES;
				GCC_C_LANGUAGE_STANDARD = gnu17;
				GCC_DYNAMIC_NO_PIC = NO;
				GCC_NO_COMMON_BLOCKS = YES;
				GCC_OPTIMIZATION_LEVEL = 0;
				GCC_PREPROCESSOR_DEFINITIONS = (
					"DEBUG=1",
					"$(inherited)",
				);
				GCC_WARN_64_TO_32_BIT_CONVERSION = YES;
				GCC_WARN_ABOUT_RETURN_TYPE = YES_ERROR;
				GCC_WARN_UNDECLARED_SELECTOR = YES;
				GCC_WARN_UNINITIALIZED_AUTOS = YES_AGGRESSIVE;
				GCC_WARN_UNUSED_FUNCTION = YES;
				GCC_WARN_UNUSED_VARIABLE = YES;
				IPHONEOS_DEPLOYMENT_TARGET = 17.5;
				LOCALIZATION_PREFERS_STRING_CATALOGS = YES;
				MTL_ENABLE_DEBUG_INFO = INCLUDE_SOURCE;
				MTL_FAST_MATH = YES;
				ONLY_ACTIVE_ARCH = YES;
				SDKROOT = iphoneos;
				SWIFT_ACTIVE_COMPILATION_CONDITIONS = "DEBUG $(inherited)";
				SWIFT_OPTIMIZATION_LEVEL = "-Onone";
			};
			name = Debug;
		};
		0533AA202CA5E61A004E00A3 /* Release */ = {
			isa = XCBuildConfiguration;
			buildSettings = {
				ALWAYS_SEARCH_USER_PATHS = NO;
				ASSETCATALOG_COMPILER_GENERATE_SWIFT_ASSET_SYMBOL_EXTENSIONS = YES;
				CLANG_ANALYZER_NONNULL = YES;
				CLANG_ANALYZER_NUMBER_OBJECT_CONVERSION = YES_AGGRESSIVE;
				CLANG_CXX_LANGUAGE_STANDARD = "gnu++20";
				CLANG_ENABLE_MODULES = YES;
				CLANG_ENABLE_OBJC_ARC = YES;
				CLANG_ENABLE_OBJC_WEAK = YES;
				CLANG_WARN_BLOCK_CAPTURE_AUTORELEASING = YES;
				CLANG_WARN_BOOL_CONVERSION = YES;
				CLANG_WARN_COMMA = YES;
				CLANG_WARN_CONSTANT_CONVERSION = YES;
				CLANG_WARN_DEPRECATED_OBJC_IMPLEMENTATIONS = YES;
				CLANG_WARN_DIRECT_OBJC_ISA_USAGE = YES_ERROR;
				CLANG_WARN_DOCUMENTATION_COMMENTS = YES;
				CLANG_WARN_EMPTY_BODY = YES;
				CLANG_WARN_ENUM_CONVERSION = YES;
				CLANG_WARN_INFINITE_RECURSION = YES;
				CLANG_WARN_INT_CONVERSION = YES;
				CLANG_WARN_NON_LITERAL_NULL_CONVERSION = YES;
				CLANG_WARN_OBJC_IMPLICIT_RETAIN_SELF = YES;
				CLANG_WARN_OBJC_LITERAL_CONVERSION = YES;
				CLANG_WARN_OBJC_ROOT_CLASS = YES_ERROR;
				CLANG_WARN_QUOTED_INCLUDE_IN_FRAMEWORK_HEADER = YES;
				CLANG_WARN_RANGE_LOOP_ANALYSIS = YES;
				CLANG_WARN_STRICT_PROTOTYPES = YES;
				CLANG_WARN_SUSPICIOUS_MOVE = YES;
				CLANG_WARN_UNGUARDED_AVAILABILITY = YES_AGGRESSIVE;
				CLANG_WARN_UNREACHABLE_CODE = YES;
				CLANG_WARN__DUPLICATE_METHOD_MATCH = YES;
				COPY_PHASE_STRIP = NO;
				DEBUG_INFORMATION_FORMAT = "dwarf-with-dsym";
				ENABLE_NS_ASSERTIONS = NO;
				ENABLE_STRICT_OBJC_MSGSEND = YES;
				ENABLE_USER_SCRIPT_SANDBOXING = YES;
				GCC_C_LANGUAGE_STANDARD = gnu17;
				GCC_NO_COMMON_BLOCKS = YES;
				GCC_WARN_64_TO_32_BIT_CONVERSION = YES;
				GCC_WARN_ABOUT_RETURN_TYPE = YES_ERROR;
				GCC_WARN_UNDECLARED_SELECTOR = YES;
				GCC_WARN_UNINITIALIZED_AUTOS = YES_AGGRESSIVE;
				GCC_WARN_UNUSED_FUNCTION = YES;
				GCC_WARN_UNUSED_VARIABLE = YES;
				IPHONEOS_DEPLOYMENT_TARGET = 17.5;
				LOCALIZATION_PREFERS_STRING_CATALOGS = YES;
				MTL_ENABLE_DEBUG_INFO = NO;
				MTL_FAST_MATH = YES;
				SDKROOT = iphoneos;
				SWIFT_COMPILATION_MODE = wholemodule;
				VALIDATE_PRODUCT = YES;
			};
			name = Release;
		};
		0533AA222CA5E61A004E00A3 /* Debug */ = {
			isa = XCBuildConfiguration;
			buildSettings = {
				ASSETCATALOG_COMPILER_APPICON_NAME = AppIcon;
				ASSETCATALOG_COMPILER_GLOBAL_ACCENT_COLOR_NAME = AccentColor;
				CODE_SIGN_STYLE = Automatic;
				CURRENT_PROJECT_VERSION = 1;
				GENERATE_INFOPLIST_FILE = YES;
				INFOPLIST_FILE = MovieApp/Utilities/Info.plist;
				INFOPLIST_KEY_UIApplicationSupportsIndirectInputEvents = YES;
				INFOPLIST_KEY_UILaunchStoryboardName = LaunchScreen;
				INFOPLIST_KEY_UISupportedInterfaceOrientations_iPad = "UIInterfaceOrientationPortrait UIInterfaceOrientationPortraitUpsideDown UIInterfaceOrientationLandscapeLeft UIInterfaceOrientationLandscapeRight";
				INFOPLIST_KEY_UISupportedInterfaceOrientations_iPhone = "UIInterfaceOrientationPortrait UIInterfaceOrientationLandscapeLeft UIInterfaceOrientationLandscapeRight";
				IPHONEOS_DEPLOYMENT_TARGET = 14.0;
				LD_RUNPATH_SEARCH_PATHS = (
					"$(inherited)",
					"@executable_path/Frameworks",
				);
				MARKETING_VERSION = 1.0;
				PRODUCT_BUNDLE_IDENTIFIER = com.MovieApp;
				PRODUCT_NAME = "$(TARGET_NAME)";
				SUPPORTED_PLATFORMS = "iphoneos iphonesimulator";
				SUPPORTS_MACCATALYST = NO;
				SUPPORTS_MAC_DESIGNED_FOR_IPHONE_IPAD = NO;
				SUPPORTS_XR_DESIGNED_FOR_IPHONE_IPAD = NO;
				SWIFT_EMIT_LOC_STRINGS = YES;
				SWIFT_VERSION = 5.0;
				TARGETED_DEVICE_FAMILY = "1,2";
			};
			name = Debug;
		};
		0533AA232CA5E61A004E00A3 /* Release */ = {
			isa = XCBuildConfiguration;
			buildSettings = {
				ASSETCATALOG_COMPILER_APPICON_NAME = AppIcon;
				ASSETCATALOG_COMPILER_GLOBAL_ACCENT_COLOR_NAME = AccentColor;
				CODE_SIGN_STYLE = Automatic;
				CURRENT_PROJECT_VERSION = 1;
				GENERATE_INFOPLIST_FILE = YES;
				INFOPLIST_FILE = MovieApp/Utilities/Info.plist;
				INFOPLIST_KEY_UIApplicationSupportsIndirectInputEvents = YES;
				INFOPLIST_KEY_UILaunchStoryboardName = LaunchScreen;
				INFOPLIST_KEY_UISupportedInterfaceOrientations_iPad = "UIInterfaceOrientationPortrait UIInterfaceOrientationPortraitUpsideDown UIInterfaceOrientationLandscapeLeft UIInterfaceOrientationLandscapeRight";
				INFOPLIST_KEY_UISupportedInterfaceOrientations_iPhone = "UIInterfaceOrientationPortrait UIInterfaceOrientationLandscapeLeft UIInterfaceOrientationLandscapeRight";
				IPHONEOS_DEPLOYMENT_TARGET = 14.0;
				LD_RUNPATH_SEARCH_PATHS = (
					"$(inherited)",
					"@executable_path/Frameworks",
				);
				MARKETING_VERSION = 1.0;
				PRODUCT_BUNDLE_IDENTIFIER = com.MovieApp;
				PRODUCT_NAME = "$(TARGET_NAME)";
				SUPPORTED_PLATFORMS = "iphoneos iphonesimulator";
				SUPPORTS_MACCATALYST = NO;
				SUPPORTS_MAC_DESIGNED_FOR_IPHONE_IPAD = NO;
				SUPPORTS_XR_DESIGNED_FOR_IPHONE_IPAD = NO;
				SWIFT_EMIT_LOC_STRINGS = YES;
				SWIFT_VERSION = 5.0;
				TARGETED_DEVICE_FAMILY = "1,2";
			};
			name = Release;
		};
		0533AA252CA5E61A004E00A3 /* Debug */ = {
			isa = XCBuildConfiguration;
			buildSettings = {
				ALWAYS_EMBED_SWIFT_STANDARD_LIBRARIES = YES;
				BUNDLE_LOADER = "$(TEST_HOST)";
				CODE_SIGN_STYLE = Automatic;
				CURRENT_PROJECT_VERSION = 1;
				GENERATE_INFOPLIST_FILE = YES;
				IPHONEOS_DEPLOYMENT_TARGET = 17.5;
				MARKETING_VERSION = 1.0;
				PRODUCT_BUNDLE_IDENTIFIER = com.MovieAppTests;
				PRODUCT_NAME = "$(TARGET_NAME)";
				SWIFT_EMIT_LOC_STRINGS = NO;
				SWIFT_VERSION = 5.0;
				TARGETED_DEVICE_FAMILY = "1,2";
				TEST_HOST = "$(BUILT_PRODUCTS_DIR)/MovieApp.app/$(BUNDLE_EXECUTABLE_FOLDER_PATH)/MovieApp";
			};
			name = Debug;
		};
		0533AA262CA5E61A004E00A3 /* Release */ = {
			isa = XCBuildConfiguration;
			buildSettings = {
				ALWAYS_EMBED_SWIFT_STANDARD_LIBRARIES = YES;
				BUNDLE_LOADER = "$(TEST_HOST)";
				CODE_SIGN_STYLE = Automatic;
				CURRENT_PROJECT_VERSION = 1;
				GENERATE_INFOPLIST_FILE = YES;
				IPHONEOS_DEPLOYMENT_TARGET = 17.5;
				MARKETING_VERSION = 1.0;
				PRODUCT_BUNDLE_IDENTIFIER = com.MovieAppTests;
				PRODUCT_NAME = "$(TARGET_NAME)";
				SWIFT_EMIT_LOC_STRINGS = NO;
				SWIFT_VERSION = 5.0;
				TARGETED_DEVICE_FAMILY = "1,2";
				TEST_HOST = "$(BUILT_PRODUCTS_DIR)/MovieApp.app/$(BUNDLE_EXECUTABLE_FOLDER_PATH)/MovieApp";
			};
			name = Release;
		};
		0533AA282CA5E61A004E00A3 /* Debug */ = {
			isa = XCBuildConfiguration;
			buildSettings = {
				ALWAYS_EMBED_SWIFT_STANDARD_LIBRARIES = YES;
				CODE_SIGN_STYLE = Automatic;
				CURRENT_PROJECT_VERSION = 1;
				GENERATE_INFOPLIST_FILE = YES;
				MARKETING_VERSION = 1.0;
				PRODUCT_BUNDLE_IDENTIFIER = com.MovieAppUITests;
				PRODUCT_NAME = "$(TARGET_NAME)";
				SWIFT_EMIT_LOC_STRINGS = NO;
				SWIFT_VERSION = 5.0;
				TARGETED_DEVICE_FAMILY = "1,2";
				TEST_TARGET_NAME = MovieApp;
			};
			name = Debug;
		};
		0533AA292CA5E61A004E00A3 /* Release */ = {
			isa = XCBuildConfiguration;
			buildSettings = {
				ALWAYS_EMBED_SWIFT_STANDARD_LIBRARIES = YES;
				CODE_SIGN_STYLE = Automatic;
				CURRENT_PROJECT_VERSION = 1;
				GENERATE_INFOPLIST_FILE = YES;
				MARKETING_VERSION = 1.0;
				PRODUCT_BUNDLE_IDENTIFIER = com.MovieAppUITests;
				PRODUCT_NAME = "$(TARGET_NAME)";
				SWIFT_EMIT_LOC_STRINGS = NO;
				SWIFT_VERSION = 5.0;
				TARGETED_DEVICE_FAMILY = "1,2";
				TEST_TARGET_NAME = MovieApp;
			};
			name = Release;
		};
/* End XCBuildConfiguration section */

/* Begin XCConfigurationList section */
		0533A9F22CA5E618004E00A3 /* Build configuration list for PBXProject "MovieApp" */ = {
			isa = XCConfigurationList;
			buildConfigurations = (
				0533AA1F2CA5E61A004E00A3 /* Debug */,
				0533AA202CA5E61A004E00A3 /* Release */,
			);
			defaultConfigurationIsVisible = 0;
			defaultConfigurationName = Release;
		};
		0533AA212CA5E61A004E00A3 /* Build configuration list for PBXNativeTarget "MovieApp" */ = {
			isa = XCConfigurationList;
			buildConfigurations = (
				0533AA222CA5E61A004E00A3 /* Debug */,
				0533AA232CA5E61A004E00A3 /* Release */,
			);
			defaultConfigurationIsVisible = 0;
			defaultConfigurationName = Release;
		};
		0533AA242CA5E61A004E00A3 /* Build configuration list for PBXNativeTarget "MovieAppTests" */ = {
			isa = XCConfigurationList;
			buildConfigurations = (
				0533AA252CA5E61A004E00A3 /* Debug */,
				0533AA262CA5E61A004E00A3 /* Release */,
			);
			defaultConfigurationIsVisible = 0;
			defaultConfigurationName = Release;
		};
		0533AA272CA5E61A004E00A3 /* Build configuration list for PBXNativeTarget "MovieAppUITests" */ = {
			isa = XCConfigurationList;
			buildConfigurations = (
				0533AA282CA5E61A004E00A3 /* Debug */,
				0533AA292CA5E61A004E00A3 /* Release */,
			);
			defaultConfigurationIsVisible = 0;
			defaultConfigurationName = Release;
		};
/* End XCConfigurationList section */
	};
	rootObject = 0533A9EF2CA5E618004E00A3 /* Project object */;
}
